
Microsoft Visual Studio Solution File, Format Version 12.00
# Visual Studio 2013
VisualStudioVersion = 12.0.21005.1
MinimumVisualStudioVersion = 10.0.40219.1
Project("{FAE04EC0-301F-11D3-BF4B-00C04F79EFBC}") = "WSRestCME", "WSRestCME\WSRestCME.csproj", "{59E4BA16-331B-47B9-BD54-2708C93B7215}"
EndProject
Project("{FAE04EC0-301F-11D3-BF4B-00C04F79EFBC}") = "WSRestTestCME", "WSRestTestCME\WSRestTestCME.csproj", "{5ED141D7-5EA3-429F-865B-D8E8197BCEBC}"
EndProject
Global
	GlobalSection(SolutionConfigurationPlatforms) = preSolution
		Debug|Any CPU = Debug|Any CPU
		Release|Any CPU = Release|Any CPU
	EndGlobalSection
	GlobalSection(ProjectConfigurationPlatforms) = postSolution
		{59E4BA16-331B-47B9-BD54-2708C93B7215}.Debug|Any CPU.ActiveCfg = Debug|Any CPU
		{59E4BA16-331B-47B9-BD54-2708C93B7215}.Debug|Any CPU.Build.0 = Debug|Any CPU
		{59E4BA16-331B-47B9-BD54-2708C93B7215}.Release|Any CPU.ActiveCfg = Release|Any CPU
		{59E4BA16-331B-47B9-BD54-2708C93B7215}.Release|Any CPU.Build.0 = Release|Any CPU
		{5ED141D7-5EA3-429F-865B-D8E8197BCEBC}.Debug|Any CPU.ActiveCfg = Debug|Any CPU
		{5ED141D7-5EA3-429F-865B-D8E8197BCEBC}.Debug|Any CPU.Build.0 = Debug|Any CPU
		{5ED141D7-5EA3-429F-865B-D8E8197BCEBC}.Release|Any CPU.ActiveCfg = Release|Any CPU
		{5ED141D7-5EA3-429F-865B-D8E8197BCEBC}.Release|Any CPU.Build.0 = Release|Any CPU
	EndGlobalSection
	GlobalSection(SolutionProperties) = preSolution
		HideSolutionNode = FALSE
	EndGlobalSection
EndGlobal
